{
    "version": 3,
    "terraform_version": "0.10.7",
    "serial": 6,
    "lineage": "6a3533c3-95e1-4c84-a634-b997aecea1b9",
    "modules": [
        {
            "path": [
                "root"
            ],
            "outputs": {},
            "resources": {
                "github_repository.app_repo": {
                    "type": "github_repository",
                    "depends_on": [],
                    "primary": {
                        "id": "rocdev",
                        "attributes": {
                            "allow_merge_commit": "false",
                            "allow_rebase_merge": "true",
                            "allow_squash_merge": "false",
                            "default_branch": "master",
                            "description": "The future of RocDev.",
                            "full_name": "585-software/rocdev",
                            "git_clone_url": "git://github.com/585-software/rocdev.git",
                            "has_downloads": "false",
                            "has_issues": "true",
                            "has_wiki": "false",
                            "homepage_url": "https://rocdev.org",
                            "http_clone_url": "https://github.com/585-software/rocdev.git",
                            "id": "rocdev",
                            "license_template": "MIT",
                            "name": "rocdev",
                            "private": "false",
                            "ssh_clone_url": "git@github.com:585-software/rocdev.git",
                            "svn_url": "https://github.com/585-software/rocdev"
                        },
                        "meta": {},
                        "tainted": false
                    },
                    "deposed": [],
                    "provider": ""
                },
                "github_repository_webhook.datadog_webhook": {
                    "type": "github_repository_webhook",
                    "depends_on": [
                        "github_repository.app_repo"
                    ],
                    "primary": {
                        "id": "16793863",
                        "attributes": {
                            "active": "true",
                            "configuration.%": "3",
                            "configuration.content_type": "form",
                            "configuration.insecure_ssl": "0",
                            "configuration.url": "https://app.datadoghq.com/intake/webhook/github?api_key=01ae7b11c768b7584607eb465e2d616e",
                            "events.#": "21",
                            "events.1199160415": "pull_request_review_comment",
                            "events.1336705922": "milestone",
                            "events.1597642340": "push",
                            "events.1794599988": "project_column",
                            "events.1894054520": "member",
                            "events.2063623452": "status",
                            "events.2342231791": "pull_request",
                            "events.2413224187": "create",
                            "events.245846248": "label",
                            "events.2655453981": "release",
                            "events.2810837315": "team_add",
                            "events.3043241469": "deployment_status",
                            "events.3464159411": "pull_request_review",
                            "events.3665657731": "issues",
                            "events.3676376333": "page_build",
                            "events.3943847358": "deployment",
                            "events.547011484": "commit_comment",
                            "events.797266123": "project_card",
                            "events.800313582": "project",
                            "events.831264653": "issue_comment",
                            "events.974290055": "delete",
                            "id": "16793863",
                            "name": "web",
                            "repository": "rocdev",
                            "url": "https://api.github.com/repos/585-software/rocdev/hooks/16793863"
                        },
                        "meta": {},
                        "tainted": false
                    },
                    "deposed": [],
                    "provider": ""
                }
            },
            "depends_on": []
        }
    ]
}
